
Microsoft Visual Studio Solution File, Format Version 12.00
# Visual Studio Version 17
VisualStudioVersion = 17.9.34902.65
MinimumVisualStudioVersion = 10.0.40219.1
Project("{9A19103F-16F7-4668-BE54-9A1E7A4F7556}") = "backend", "backend\src\altinn-support-dashboard.backend\backend.csproj", "{32788C9F-826A-4340-9343-0119D4E1943C}"
EndProject
Project("{54A90642-561A-4BB1-A94E-469ADEE60C69}") = "altinn-support-dashboard", "frontend\altinn-support-dashboard.client\altinn-support-dashboard.esproj", "{A247A42D-E011-4EAD-BE2F-ED984B196F37}"
EndProject
Project("{9A19103F-16F7-4668-BE54-9A1E7A4F7556}") = "altinn-support-dashboard.backend.Tests", "backend\test\altinn-support-dashboard.backend.Tests\altinn-support-dashboard.backend.Tests.csproj", "{8EE96BEB-14CD-4D80-9891-6AAEEE1C04B3}"
EndProject
Global
	GlobalSection(SolutionConfigurationPlatforms) = preSolution
		Debug|Any CPU = Debug|Any CPU
		Release|Any CPU = Release|Any CPU
	EndGlobalSection
	GlobalSection(ProjectConfigurationPlatforms) = postSolution
		{32788C9F-826A-4340-9343-0119D4E1943C}.Debug|Any CPU.ActiveCfg = Debug|Any CPU
		{32788C9F-826A-4340-9343-0119D4E1943C}.Debug|Any CPU.Build.0 = Debug|Any CPU
		{32788C9F-826A-4340-9343-0119D4E1943C}.Release|Any CPU.ActiveCfg = Release|Any CPU
		{32788C9F-826A-4340-9343-0119D4E1943C}.Release|Any CPU.Build.0 = Release|Any CPU
		{A247A42D-E011-4EAD-BE2F-ED984B196F37}.Debug|Any CPU.ActiveCfg = Debug|Any CPU
		{A247A42D-E011-4EAD-BE2F-ED984B196F37}.Debug|Any CPU.Build.0 = Debug|Any CPU
		{A247A42D-E011-4EAD-BE2F-ED984B196F37}.Debug|Any CPU.Deploy.0 = Debug|Any CPU
		{A247A42D-E011-4EAD-BE2F-ED984B196F37}.Release|Any CPU.ActiveCfg = Release|Any CPU
		{A247A42D-E011-4EAD-BE2F-ED984B196F37}.Release|Any CPU.Build.0 = Release|Any CPU
		{A247A42D-E011-4EAD-BE2F-ED984B196F37}.Release|Any CPU.Deploy.0 = Release|Any CPU
		{8EE96BEB-14CD-4D80-9891-6AAEEE1C04B3}.Debug|Any CPU.ActiveCfg = Debug|Any CPU
		{8EE96BEB-14CD-4D80-9891-6AAEEE1C04B3}.Debug|Any CPU.Build.0 = Debug|Any CPU
		{8EE96BEB-14CD-4D80-9891-6AAEEE1C04B3}.Release|Any CPU.ActiveCfg = Release|Any CPU
		{8EE96BEB-14CD-4D80-9891-6AAEEE1C04B3}.Release|Any CPU.Build.0 = Release|Any CPU
	EndGlobalSection
	GlobalSection(SolutionProperties) = preSolution
		HideSolutionNode = FALSE
	EndGlobalSection
	GlobalSection(ExtensibilityGlobals) = postSolution
		SolutionGuid = {04D94EF9-C251-486A-B697-81C09AACCB3E}
	EndGlobalSection
EndGlobal
