
Microsoft Visual Studio Solution File, Format Version 12.00
# Visual Studio Version 17
VisualStudioVersion = 17.9.34902.65
MinimumVisualStudioVersion = 10.0.40219.1
Project("{FAE04EC0-301F-11D3-BF4B-00C04F79EFBC}") = "altinn-support-dashboard.Server", "altinn-support-dashboard.Server\altinn-support-dashboard.Server.csproj", "{A5FE908F-60F7-4CCA-A7D3-A927A731F437}"
EndProject
Project("{54A90642-561A-4BB1-A94E-469ADEE60C69}") = "altinn-support-dashboard.client", "altinn-support-dashboard.client\altinn-support-dashboard.client.esproj", "{8ADBF57B-184E-4BDC-A024-CF96DE8DF709}"
EndProject
Global
	GlobalSection(SolutionConfigurationPlatforms) = preSolution
		Debug|Any CPU = Debug|Any CPU
		Release|Any CPU = Release|Any CPU
	EndGlobalSection
	GlobalSection(ProjectConfigurationPlatforms) = postSolution
		{A5FE908F-60F7-4CCA-A7D3-A927A731F437}.Debug|Any CPU.ActiveCfg = Debug|Any CPU
		{A5FE908F-60F7-4CCA-A7D3-A927A731F437}.Debug|Any CPU.Build.0 = Debug|Any CPU
		{A5FE908F-60F7-4CCA-A7D3-A927A731F437}.Release|Any CPU.ActiveCfg = Release|Any CPU
		{A5FE908F-60F7-4CCA-A7D3-A927A731F437}.Release|Any CPU.Build.0 = Release|Any CPU
		{8ADBF57B-184E-4BDC-A024-CF96DE8DF709}.Debug|Any CPU.ActiveCfg = Debug|Any CPU
		{8ADBF57B-184E-4BDC-A024-CF96DE8DF709}.Debug|Any CPU.Build.0 = Debug|Any CPU
		{8ADBF57B-184E-4BDC-A024-CF96DE8DF709}.Debug|Any CPU.Deploy.0 = Debug|Any CPU
		{8ADBF57B-184E-4BDC-A024-CF96DE8DF709}.Release|Any CPU.ActiveCfg = Release|Any CPU
		{8ADBF57B-184E-4BDC-A024-CF96DE8DF709}.Release|Any CPU.Build.0 = Release|Any CPU
		{8ADBF57B-184E-4BDC-A024-CF96DE8DF709}.Release|Any CPU.Deploy.0 = Release|Any CPU
	EndGlobalSection
	GlobalSection(SolutionProperties) = preSolution
		HideSolutionNode = FALSE
	EndGlobalSection
	GlobalSection(ExtensibilityGlobals) = postSolution
		SolutionGuid = {04D94EF9-C251-486A-B697-81C09AACCB3E}
	EndGlobalSection
EndGlobal
