Microsoft Visual Studio Solution File, Format Version 12.00
# Visual Studio Version 17
VisualStudioVersion = 17.5.2.0
MinimumVisualStudioVersion = 10.0.40219.1
Project("{2150E333-8FDC-42A3-9474-1A3956D46DE8}") = "src", "src", "{827E0CD3-B72D-47B6-A68D-7590B98EB39B}"
EndProject
Project("{2150E333-8FDC-42A3-9474-1A3956D46DE8}") = "test", "test", "{0C88DD14-F956-CE84-757C-A364CCF449FC}"
EndProject
Project("{2150E333-8FDC-42A3-9474-1A3956D46DE8}") = "altinn-support-dashboard.backend", "altinn-support-dashboard.backend", "{5E840BC9-F89A-FAB8-5A1E-FBBA821141C6}"
EndProject
Project("{FAE04EC0-301F-11D3-BF4B-00C04F79EFBC}") = "backend", "src\altinn-support-dashboard.backend\backend.csproj", "{566BE252-AF77-5F6A-63D4-A276E6FEA300}"
EndProject
Project("{FAE04EC0-301F-11D3-BF4B-00C04F79EFBC}") = "altinn-support-dashboard.backend.Tests", "test\altinn-support-dashboard.backend.Tests\altinn-support-dashboard.backend.Tests.csproj", "{1C422EEE-8458-B564-1242-37247A3DDDC8}"
EndProject
Global
	GlobalSection(SolutionConfigurationPlatforms) = preSolution
		Debug|Any CPU = Debug|Any CPU
		Release|Any CPU = Release|Any CPU
	EndGlobalSection
	GlobalSection(ProjectConfigurationPlatforms) = postSolution
		{566BE252-AF77-5F6A-63D4-A276E6FEA300}.Debug|Any CPU.ActiveCfg = Debug|Any CPU
		{566BE252-AF77-5F6A-63D4-A276E6FEA300}.Debug|Any CPU.Build.0 = Debug|Any CPU
		{566BE252-AF77-5F6A-63D4-A276E6FEA300}.Release|Any CPU.ActiveCfg = Release|Any CPU
		{566BE252-AF77-5F6A-63D4-A276E6FEA300}.Release|Any CPU.Build.0 = Release|Any CPU
		{1C422EEE-8458-B564-1242-37247A3DDDC8}.Debug|Any CPU.ActiveCfg = Debug|Any CPU
		{1C422EEE-8458-B564-1242-37247A3DDDC8}.Debug|Any CPU.Build.0 = Debug|Any CPU
		{1C422EEE-8458-B564-1242-37247A3DDDC8}.Release|Any CPU.ActiveCfg = Release|Any CPU
		{1C422EEE-8458-B564-1242-37247A3DDDC8}.Release|Any CPU.Build.0 = Release|Any CPU
	EndGlobalSection
	GlobalSection(SolutionProperties) = preSolution
		HideSolutionNode = FALSE
	EndGlobalSection
	GlobalSection(NestedProjects) = preSolution
		{5E840BC9-F89A-FAB8-5A1E-FBBA821141C6} = {827E0CD3-B72D-47B6-A68D-7590B98EB39B}
		{566BE252-AF77-5F6A-63D4-A276E6FEA300} = {5E840BC9-F89A-FAB8-5A1E-FBBA821141C6}
		{1C422EEE-8458-B564-1242-37247A3DDDC8} = {0C88DD14-F956-CE84-757C-A364CCF449FC}
	EndGlobalSection
	GlobalSection(ExtensibilityGlobals) = postSolution
		SolutionGuid = {1312B452-FF5E-4118-A314-DC3876B1A831}
	EndGlobalSection
EndGlobal
